// !$*UTF8*$!
{
	archiveVersion = 1;
	classes = {
	};
	objectVersion = 50;
	objects = {

/* Begin PBXBuildFile section */
		976487332217D275006EE10C /* AppDelegate.swift in Sources */ = {isa = PBXBuildFile; fileRef = 976487322217D275006EE10C /* AppDelegate.swift */; };
		976487382217D275006EE10C /* Main.storyboard in Resources */ = {isa = PBXBuildFile; fileRef = 976487362217D275006EE10C /* Main.storyboard */; };
		9764873A2217D275006EE10C /* Assets.xcassets in Resources */ = {isa = PBXBuildFile; fileRef = 976487392217D275006EE10C /* Assets.xcassets */; };
		9764873D2217D275006EE10C /* LaunchScreen.storyboard in Resources */ = {isa = PBXBuildFile; fileRef = 9764873B2217D275006EE10C /* LaunchScreen.storyboard */; };
		9764874C2217DCB6006EE10C /* TimelineViewController.swift in Sources */ = {isa = PBXBuildFile; fileRef = 9764874B2217DCB6006EE10C /* TimelineViewController.swift */; };
		9764874F2217E0B0006EE10C /* TweetTableViewCell.swift in Sources */ = {isa = PBXBuildFile; fileRef = 9764874E2217E0B0006EE10C /* TweetTableViewCell.swift */; };
		976487522217E294006EE10C /* Constants.swift in Sources */ = {isa = PBXBuildFile; fileRef = 976487512217E294006EE10C /* Constants.swift */; };
		976487552217E45A006EE10C /* User.swift in Sources */ = {isa = PBXBuildFile; fileRef = 976487542217E45A006EE10C /* User.swift */; };
		976487572217E4DD006EE10C /* Tweet.swift in Sources */ = {isa = PBXBuildFile; fileRef = 976487562217E4DD006EE10C /* Tweet.swift */; };
/* End PBXBuildFile section */

/* Begin PBXFileReference section */
		9764872F2217D275006EE10C /* TwitterClient.app */ = {isa = PBXFileReference; explicitFileType = wrapper.application; includeInIndex = 0; path = TwitterClient.app; sourceTree = BUILT_PRODUCTS_DIR; };
		976487322217D275006EE10C /* AppDelegate.swift */ = {isa = PBXFileReference; lastKnownFileType = sourcecode.swift; path = AppDelegate.swift; sourceTree = "<group>"; };
		976487372217D275006EE10C /* Base */ = {isa = PBXFileReference; lastKnownFileType = file.storyboard; name = Base; path = Base.lproj/Main.storyboard; sourceTree = "<group>"; };
		976487392217D275006EE10C /* Assets.xcassets */ = {isa = PBXFileReference; lastKnownFileType = folder.assetcatalog; path = Assets.xcassets; sourceTree = "<group>"; };
		9764873C2217D275006EE10C /* Base */ = {isa = PBXFileReference; lastKnownFileType = file.storyboard; name = Base; path = Base.lproj/LaunchScreen.storyboard; sourceTree = "<group>"; };
		9764873E2217D275006EE10C /* Info.plist */ = {isa = PBXFileReference; lastKnownFileType = text.plist.xml; path = Info.plist; sourceTree = "<group>"; };
		9764874B2217DCB6006EE10C /* TimelineViewController.swift */ = {isa = PBXFileReference; lastKnownFileType = sourcecode.swift; path = TimelineViewController.swift; sourceTree = "<group>"; };
		9764874E2217E0B0006EE10C /* TweetTableViewCell.swift */ = {isa = PBXFileReference; lastKnownFileType = sourcecode.swift; path = TweetTableViewCell.swift; sourceTree = "<group>"; };
		976487512217E294006EE10C /* Constants.swift */ = {isa = PBXFileReference; lastKnownFileType = sourcecode.swift; path = Constants.swift; sourceTree = "<group>"; };
		976487542217E45A006EE10C /* User.swift */ = {isa = PBXFileReference; lastKnownFileType = sourcecode.swift; path = User.swift; sourceTree = "<group>"; };
		976487562217E4DD006EE10C /* Tweet.swift */ = {isa = PBXFileReference; lastKnownFileType = sourcecode.swift; path = Tweet.swift; sourceTree = "<group>"; };
/* End PBXFileReference section */

/* Begin PBXFrameworksBuildPhase section */
		9764872C2217D275006EE10C /* Frameworks */ = {
			isa = PBXFrameworksBuildPhase;
			buildActionMask = 2147483647;
			files = (
			);
			runOnlyForDeploymentPostprocessing = 0;
		};
/* End PBXFrameworksBuildPhase section */

/* Begin PBXGroup section */
		976487262217D275006EE10C = {
			isa = PBXGroup;
			children = (
				976487312217D275006EE10C /* TwitterClient */,
				976487302217D275006EE10C /* Products */,
			);
			sourceTree = "<group>";
		};
		976487302217D275006EE10C /* Products */ = {
			isa = PBXGroup;
			children = (
				9764872F2217D275006EE10C /* TwitterClient.app */,
			);
			name = Products;
			sourceTree = "<group>";
		};
		976487312217D275006EE10C /* TwitterClient */ = {
			isa = PBXGroup;
			children = (
				976487532217E441006EE10C /* Model */,
				976487502217E280006EE10C /* Constants */,
				9764874D2217E099006EE10C /* Timeline */,
				976487322217D275006EE10C /* AppDelegate.swift */,
				976487362217D275006EE10C /* Main.storyboard */,
				976487392217D275006EE10C /* Assets.xcassets */,
				9764873B2217D275006EE10C /* LaunchScreen.storyboard */,
				9764873E2217D275006EE10C /* Info.plist */,
			);
			path = TwitterClient;
			sourceTree = "<group>";
		};
		9764874D2217E099006EE10C /* Timeline */ = {
			isa = PBXGroup;
			children = (
				9764874B2217DCB6006EE10C /* TimelineViewController.swift */,
				9764874E2217E0B0006EE10C /* TweetTableViewCell.swift */,
			);
			path = Timeline;
			sourceTree = "<group>";
		};
		976487502217E280006EE10C /* Constants */ = {
			isa = PBXGroup;
			children = (
				976487512217E294006EE10C /* Constants.swift */,
			);
			path = Constants;
			sourceTree = "<group>";
		};
		976487532217E441006EE10C /* Model */ = {
			isa = PBXGroup;
			children = (
				976487542217E45A006EE10C /* User.swift */,
				976487562217E4DD006EE10C /* Tweet.swift */,
			);
			path = Model;
			sourceTree = "<group>";
		};
/* End PBXGroup section */

/* Begin PBXNativeTarget section */
		9764872E2217D275006EE10C /* TwitterClient */ = {
			isa = PBXNativeTarget;
			buildConfigurationList = 976487412217D275006EE10C /* Build configuration list for PBXNativeTarget "TwitterClient" */;
			buildPhases = (
				9764872B2217D275006EE10C /* Sources */,
				9764872C2217D275006EE10C /* Frameworks */,
				9764872D2217D275006EE10C /* Resources */,
			);
			buildRules = (
			);
			dependencies = (
			);
			name = TwitterClient;
			productName = TwitterClient;
			productReference = 9764872F2217D275006EE10C /* TwitterClient.app */;
			productType = "com.apple.product-type.application";
		};
/* End PBXNativeTarget section */

/* Begin PBXProject section */
		976487272217D275006EE10C /* Project object */ = {
			isa = PBXProject;
			attributes = {
				LastSwiftUpdateCheck = 1010;
				LastUpgradeCheck = 1010;
				ORGANIZATIONNAME = "Yuya Mimura";
				TargetAttributes = {
					9764872E2217D275006EE10C = {
						CreatedOnToolsVersion = 10.1;
					};
				};
			};
			buildConfigurationList = 9764872A2217D275006EE10C /* Build configuration list for PBXProject "TwitterClient" */;
			compatibilityVersion = "Xcode 9.3";
			developmentRegion = en;
			hasScannedForEncodings = 0;
			knownRegions = (
				en,
				Base,
			);
			mainGroup = 976487262217D275006EE10C;
			productRefGroup = 976487302217D275006EE10C /* Products */;
			projectDirPath = "";
			projectRoot = "";
			targets = (
				9764872E2217D275006EE10C /* TwitterClient */,
			);
		};
/* End PBXProject section */

/* Begin PBXResourcesBuildPhase section */
		9764872D2217D275006EE10C /* Resources */ = {
			isa = PBXResourcesBuildPhase;
			buildActionMask = 2147483647;
			files = (
				9764873D2217D275006EE10C /* LaunchScreen.storyboard in Resources */,
				9764873A2217D275006EE10C /* Assets.xcassets in Resources */,
				976487382217D275006EE10C /* Main.storyboard in Resources */,
			);
			runOnlyForDeploymentPostprocessing = 0;
		};
/* End PBXResourcesBuildPhase section */

/* Begin PBXSourcesBuildPhase section */
		9764872B2217D275006EE10C /* Sources */ = {
			isa = PBXSourcesBuildPhase;
			buildActionMask = 2147483647;
			files = (
				976487522217E294006EE10C /* Constants.swift in Sources */,
				976487552217E45A006EE10C /* User.swift in Sources */,
				976487572217E4DD006EE10C /* Tweet.swift in Sources */,
				976487332217D275006EE10C /* AppDelegate.swift in Sources */,
				9764874C2217DCB6006EE10C /* TimelineViewController.swift in Sources */,
				9764874F2217E0B0006EE10C /* TweetTableViewCell.swift in Sources */,
			);
			runOnlyForDeploymentPostprocessing = 0;
		};
/* End PBXSourcesBuildPhase section */

/* Begin PBXVariantGroup section */
		976487362217D275006EE10C /* Main.storyboard */ = {
			isa = PBXVariantGroup;
			children = (
				976487372217D275006EE10C /* Base */,
			);
			name = Main.storyboard;
			sourceTree = "<group>";
		};
		9764873B2217D275006EE10C /* LaunchScreen.storyboard */ = {
			isa = PBXVariantGroup;
			children = (
				9764873C2217D275006EE10C /* Base */,
			);
			name = LaunchScreen.storyboard;
			sourceTree = "<group>";
		};
/* End PBXVariantGroup section */

/* Begin XCBuildConfiguration section */
		9764873F2217D275006EE10C /* Debug */ = {
			isa = XCBuildConfiguration;
			buildSettings = {
				ALWAYS_SEARCH_USER_PATHS = NO;
				CLANG_ANALYZER_NONNULL = YES;
				CLANG_ANALYZER_NUMBER_OBJECT_CONVERSION = YES_AGGRESSIVE;
				CLANG_CXX_LANGUAGE_STANDARD = "gnu++14";
				CLANG_CXX_LIBRARY = "libc++";
				CLANG_ENABLE_MODULES = YES;
				CLANG_ENABLE_OBJC_ARC = YES;
				CLANG_ENABLE_OBJC_WEAK = YES;
				CLANG_WARN_BLOCK_CAPTURE_AUTORELEASING = YES;
				CLANG_WARN_BOOL_CONVERSION = YES;
				CLANG_WARN_COMMA = YES;
				CLANG_WARN_CONSTANT_CONVERSION = YES;
				CLANG_WARN_DEPRECATED_OBJC_IMPLEMENTATIONS = YES;
				CLANG_WARN_DIRECT_OBJC_ISA_USAGE = YES_ERROR;
				CLANG_WARN_DOCUMENTATION_COMMENTS = YES;
				CLANG_WARN_EMPTY_BODY = YES;
				CLANG_WARN_ENUM_CONVERSION = YES;
				CLANG_WARN_INFINITE_RECURSION = YES;
				CLANG_WARN_INT_CONVERSION = YES;
				CLANG_WARN_NON_LITERAL_NULL_CONVERSION = YES;
				CLANG_WARN_OBJC_IMPLICIT_RETAIN_SELF = YES;
				CLANG_WARN_OBJC_LITERAL_CONVERSION = YES;
				CLANG_WARN_OBJC_ROOT_CLASS = YES_ERROR;
				CLANG_WARN_RANGE_LOOP_ANALYSIS = YES;
				CLANG_WARN_STRICT_PROTOTYPES = YES;
				CLANG_WARN_SUSPICIOUS_MOVE = YES;
				CLANG_WARN_UNGUARDED_AVAILABILITY = YES_AGGRESSIVE;
				CLANG_WARN_UNREACHABLE_CODE = YES;
				CLANG_WARN__DUPLICATE_METHOD_MATCH = YES;
				CODE_SIGN_IDENTITY = "iPhone Developer";
				COPY_PHASE_STRIP = NO;
				DEBUG_INFORMATION_FORMAT = dwarf;
				ENABLE_STRICT_OBJC_MSGSEND = YES;
				ENABLE_TESTABILITY = YES;
				GCC_C_LANGUAGE_STANDARD = gnu11;
				GCC_DYNAMIC_NO_PIC = NO;
				GCC_NO_COMMON_BLOCKS = YES;
				GCC_OPTIMIZATION_LEVEL = 0;
				GCC_PREPROCESSOR_DEFINITIONS = (
					"DEBUG=1",
					"$(inherited)",
				);
				GCC_WARN_64_TO_32_BIT_CONVERSION = YES;
				GCC_WARN_ABOUT_RETURN_TYPE = YES_ERROR;
				GCC_WARN_UNDECLARED_SELECTOR = YES;
				GCC_WARN_UNINITIALIZED_AUTOS = YES_AGGRESSIVE;
				GCC_WARN_UNUSED_FUNCTION = YES;
				GCC_WARN_UNUSED_VARIABLE = YES;
				IPHONEOS_DEPLOYMENT_TARGET = 12.1;
				MTL_ENABLE_DEBUG_INFO = INCLUDE_SOURCE;
				MTL_FAST_MATH = YES;
				ONLY_ACTIVE_ARCH = YES;
				SDKROOT = iphoneos;
				SWIFT_ACTIVE_COMPILATION_CONDITIONS = DEBUG;
				SWIFT_OPTIMIZATION_LEVEL = "-Onone";
			};
			name = Debug;
		};
		976487402217D275006EE10C /* Release */ = {
			isa = XCBuildConfiguration;
			buildSettings = {
				ALWAYS_SEARCH_USER_PATHS = NO;
				CLANG_ANALYZER_NONNULL = YES;
				CLANG_ANALYZER_NUMBER_OBJECT_CONVERSION = YES_AGGRESSIVE;
				CLANG_CXX_LANGUAGE_STANDARD = "gnu++14";
				CLANG_CXX_LIBRARY = "libc++";
				CLANG_ENABLE_MODULES = YES;
				CLANG_ENABLE_OBJC_ARC = YES;
				CLANG_ENABLE_OBJC_WEAK = YES;
				CLANG_WARN_BLOCK_CAPTURE_AUTORELEASING = YES;
				CLANG_WARN_BOOL_CONVERSION = YES;
				CLANG_WARN_COMMA = YES;
				CLANG_WARN_CONSTANT_CONVERSION = YES;
				CLANG_WARN_DEPRECATED_OBJC_IMPLEMENTATIONS = YES;
				CLANG_WARN_DIRECT_OBJC_ISA_USAGE = YES_ERROR;
				CLANG_WARN_DOCUMENTATION_COMMENTS = YES;
				CLANG_WARN_EMPTY_BODY = YES;
				CLANG_WARN_ENUM_CONVERSION = YES;
				CLANG_WARN_INFINITE_RECURSION = YES;
				CLANG_WARN_INT_CONVERSION = YES;
				CLANG_WARN_NON_LITERAL_NULL_CONVERSION = YES;
				CLANG_WARN_OBJC_IMPLICIT_RETAIN_SELF = YES;
				CLANG_WARN_OBJC_LITERAL_CONVERSION = YES;
				CLANG_WARN_OBJC_ROOT_CLASS = YES_ERROR;
				CLANG_WARN_RANGE_LOOP_ANALYSIS = YES;
				CLANG_WARN_STRICT_PROTOTYPES = YES;
				CLANG_WARN_SUSPICIOUS_MOVE = YES;
				CLANG_WARN_UNGUARDED_AVAILABILITY = YES_AGGRESSIVE;
				CLANG_WARN_UNREACHABLE_CODE = YES;
				CLANG_WARN__DUPLICATE_METHOD_MATCH = YES;
				CODE_SIGN_IDENTITY = "iPhone Developer";
				COPY_PHASE_STRIP = NO;
				DEBUG_INFORMATION_FORMAT = "dwarf-with-dsym";
				ENABLE_NS_ASSERTIONS = NO;
				ENABLE_STRICT_OBJC_MSGSEND = YES;
				GCC_C_LANGUAGE_STANDARD = gnu11;
				GCC_NO_COMMON_BLOCKS = YES;
				GCC_WARN_64_TO_32_BIT_CONVERSION = YES;
				GCC_WARN_ABOUT_RETURN_TYPE = YES_ERROR;
				GCC_WARN_UNDECLARED_SELECTOR = YES;
				GCC_WARN_UNINITIALIZED_AUTOS = YES_AGGRESSIVE;
				GCC_WARN_UNUSED_FUNCTION = YES;
				GCC_WARN_UNUSED_VARIABLE = YES;
				IPHONEOS_DEPLOYMENT_TARGET = 12.1;
				MTL_ENABLE_DEBUG_INFO = NO;
				MTL_FAST_MATH = YES;
				SDKROOT = iphoneos;
				SWIFT_COMPILATION_MODE = wholemodule;
				SWIFT_OPTIMIZATION_LEVEL = "-O";
				VALIDATE_PRODUCT = YES;
			};
			name = Release;
		};
		976487422217D275006EE10C /* Debug */ = {
			isa = XCBuildConfiguration;
			buildSettings = {
				ASSETCATALOG_COMPILER_APPICON_NAME = AppIcon;
				CODE_SIGN_STYLE = Automatic;
				DEVELOPMENT_TEAM = 3BYYY62JVF;
				INFOPLIST_FILE = TwitterClient/Info.plist;
				LD_RUNPATH_SEARCH_PATHS = (
					"$(inherited)",
					"@executable_path/Frameworks",
				);
				PRODUCT_BUNDLE_IDENTIFIER = "com.y-mimura.TwitterClient";
				PRODUCT_NAME = "$(TARGET_NAME)";
				SWIFT_VERSION = 4.2;
				TARGETED_DEVICE_FAMILY = "1,2";
			};
			name = Debug;
		};
		976487432217D275006EE10C /* Release */ = {
			isa = XCBuildConfiguration;
			buildSettings = {
				ASSETCATALOG_COMPILER_APPICON_NAME = AppIcon;
				CODE_SIGN_STYLE = Automatic;
				DEVELOPMENT_TEAM = 3BYYY62JVF;
				INFOPLIST_FILE = TwitterClient/Info.plist;
				LD_RUNPATH_SEARCH_PATHS = (
					"$(inherited)",
					"@executable_path/Frameworks",
				);
				PRODUCT_BUNDLE_IDENTIFIER = "com.y-mimura.TwitterClient";
				PRODUCT_NAME = "$(TARGET_NAME)";
				SWIFT_VERSION = 4.2;
				TARGETED_DEVICE_FAMILY = "1,2";
			};
			name = Release;
		};
/* End XCBuildConfiguration section */

/* Begin XCConfigurationList section */
		9764872A2217D275006EE10C /* Build configuration list for PBXProject "TwitterClient" */ = {
			isa = XCConfigurationList;
			buildConfigurations = (
				9764873F2217D275006EE10C /* Debug */,
				976487402217D275006EE10C /* Release */,
			);
			defaultConfigurationIsVisible = 0;
			defaultConfigurationName = Release;
		};
		976487412217D275006EE10C /* Build configuration list for PBXNativeTarget "TwitterClient" */ = {
			isa = XCConfigurationList;
			buildConfigurations = (
				976487422217D275006EE10C /* Debug */,
				976487432217D275006EE10C /* Release */,
			);
			defaultConfigurationIsVisible = 0;
			defaultConfigurationName = Release;
		};
/* End XCConfigurationList section */
	};
	rootObject = 976487272217D275006EE10C /* Project object */;
}
